
Microsoft Visual Studio Solution File, Format Version 12.00
# Visual Studio Version 17
VisualStudioVersion = 17.0.32014.148
MinimumVisualStudioVersion = 10.0.40219.1
Project("{9A19103F-16F7-4668-BE54-9A1E7A4F7556}") = "CheckoutAPI", "CheckoutAPI\CheckoutAPI.csproj", "{2F4C0303-D34F-4F4A-B3B6-AE0E511B5B2C}"
EndProject
Project("{9A19103F-16F7-4668-BE54-9A1E7A4F7556}") = "Application", "Application\Application.csproj", "{0538DEA8-CF31-4D51-89AD-D363B65012D8}"
EndProject
Project("{FAE04EC0-301F-11D3-BF4B-00C04F79EFBC}") = "Common", "Common\Common.csproj", "{53E1263C-7EF4-499A-8993-5FBB56D990A2}"
EndProject
Project("{FAE04EC0-301F-11D3-BF4B-00C04F79EFBC}") = "Basket.UnitTests", "Basket.UnitTests\Basket.UnitTests.csproj", "{DB3EB369-430B-4577-B406-9AFCE740D028}"
EndProject
Global
	GlobalSection(SolutionConfigurationPlatforms) = preSolution
		Debug|Any CPU = Debug|Any CPU
		Release|Any CPU = Release|Any CPU
	EndGlobalSection
	GlobalSection(ProjectConfigurationPlatforms) = postSolution
		{2F4C0303-D34F-4F4A-B3B6-AE0E511B5B2C}.Debug|Any CPU.ActiveCfg = Debug|Any CPU
		{2F4C0303-D34F-4F4A-B3B6-AE0E511B5B2C}.Debug|Any CPU.Build.0 = Debug|Any CPU
		{2F4C0303-D34F-4F4A-B3B6-AE0E511B5B2C}.Release|Any CPU.ActiveCfg = Release|Any CPU
		{2F4C0303-D34F-4F4A-B3B6-AE0E511B5B2C}.Release|Any CPU.Build.0 = Release|Any CPU
		{0538DEA8-CF31-4D51-89AD-D363B65012D8}.Debug|Any CPU.ActiveCfg = Debug|Any CPU
		{0538DEA8-CF31-4D51-89AD-D363B65012D8}.Debug|Any CPU.Build.0 = Debug|Any CPU
		{0538DEA8-CF31-4D51-89AD-D363B65012D8}.Release|Any CPU.ActiveCfg = Release|Any CPU
		{0538DEA8-CF31-4D51-89AD-D363B65012D8}.Release|Any CPU.Build.0 = Release|Any CPU
		{53E1263C-7EF4-499A-8993-5FBB56D990A2}.Debug|Any CPU.ActiveCfg = Debug|Any CPU
		{53E1263C-7EF4-499A-8993-5FBB56D990A2}.Debug|Any CPU.Build.0 = Debug|Any CPU
		{53E1263C-7EF4-499A-8993-5FBB56D990A2}.Release|Any CPU.ActiveCfg = Release|Any CPU
		{53E1263C-7EF4-499A-8993-5FBB56D990A2}.Release|Any CPU.Build.0 = Release|Any CPU
		{DB3EB369-430B-4577-B406-9AFCE740D028}.Debug|Any CPU.ActiveCfg = Debug|Any CPU
		{DB3EB369-430B-4577-B406-9AFCE740D028}.Debug|Any CPU.Build.0 = Debug|Any CPU
		{DB3EB369-430B-4577-B406-9AFCE740D028}.Release|Any CPU.ActiveCfg = Release|Any CPU
		{DB3EB369-430B-4577-B406-9AFCE740D028}.Release|Any CPU.Build.0 = Release|Any CPU
	EndGlobalSection
	GlobalSection(SolutionProperties) = preSolution
		HideSolutionNode = FALSE
	EndGlobalSection
	GlobalSection(ExtensibilityGlobals) = postSolution
		SolutionGuid = {C6C757D8-2881-4BC0-A292-2E5E902329CC}
	EndGlobalSection
EndGlobal
